
Microsoft Visual Studio Solution File, Format Version 12.00
# Visual Studio Version 17
VisualStudioVersion = 17.8.34525.116
MinimumVisualStudioVersion = 10.0.40219.1
Project("{FAE04EC0-301F-11D3-BF4B-00C04F79EFBC}") = "DataTableServerSide.AspNetCore", "DataTableServerSide.AspNetCore.csproj", "{9AA326D6-DBCE-426E-8AAD-290051F75983}"
EndProject
Global
	GlobalSection(SolutionConfigurationPlatforms) = preSolution
		Debug|Any CPU = Debug|Any CPU
		Release|Any CPU = Release|Any CPU
	EndGlobalSection
	GlobalSection(ProjectConfigurationPlatforms) = postSolution
		{9AA326D6-DBCE-426E-8AAD-290051F75983}.Debug|Any CPU.ActiveCfg = Debug|Any CPU
		{9AA326D6-DBCE-426E-8AAD-290051F75983}.Debug|Any CPU.Build.0 = Debug|Any CPU
		{9AA326D6-DBCE-426E-8AAD-290051F75983}.Release|Any CPU.ActiveCfg = Release|Any CPU
		{9AA326D6-DBCE-426E-8AAD-290051F75983}.Release|Any CPU.Build.0 = Release|Any CPU
	EndGlobalSection
	GlobalSection(SolutionProperties) = preSolution
		HideSolutionNode = FALSE
	EndGlobalSection
	GlobalSection(ExtensibilityGlobals) = postSolution
		SolutionGuid = {ABDD2CE3-D822-4BE4-8EBF-D6794DB883E5}
	EndGlobalSection
EndGlobal
